
Microsoft Visual Studio Solution File, Format Version 12.00
# Visual Studio Version 17
VisualStudioVersion = 17.9.34728.123
MinimumVisualStudioVersion = 10.0.40219.1
Project("{9A19103F-16F7-4668-BE54-9A1E7A4F7556}") = "CalendarBooking", "CalendarBooking\CalendarBooking.csproj", "{98F1B76C-6ECE-4DC8-BF72-339DCED2FE2A}"
EndProject
Project("{FAE04EC0-301F-11D3-BF4B-00C04F79EFBC}") = "CalendarBooking.Tests", "CalendarBooking.Tests\CalendarBooking.Tests.csproj", "{D35BF74A-B1AB-4F88-8BBD-58B015EA5B86}"
EndProject
Global
	GlobalSection(SolutionConfigurationPlatforms) = preSolution
		Debug|Any CPU = Debug|Any CPU
		Release|Any CPU = Release|Any CPU
	EndGlobalSection
	GlobalSection(ProjectConfigurationPlatforms) = postSolution
		{98F1B76C-6ECE-4DC8-BF72-339DCED2FE2A}.Debug|Any CPU.ActiveCfg = Debug|Any CPU
		{98F1B76C-6ECE-4DC8-BF72-339DCED2FE2A}.Debug|Any CPU.Build.0 = Debug|Any CPU
		{98F1B76C-6ECE-4DC8-BF72-339DCED2FE2A}.Release|Any CPU.ActiveCfg = Release|Any CPU
		{98F1B76C-6ECE-4DC8-BF72-339DCED2FE2A}.Release|Any CPU.Build.0 = Release|Any CPU
		{D35BF74A-B1AB-4F88-8BBD-58B015EA5B86}.Debug|Any CPU.ActiveCfg = Debug|Any CPU
		{D35BF74A-B1AB-4F88-8BBD-58B015EA5B86}.Debug|Any CPU.Build.0 = Debug|Any CPU
		{D35BF74A-B1AB-4F88-8BBD-58B015EA5B86}.Release|Any CPU.ActiveCfg = Release|Any CPU
		{D35BF74A-B1AB-4F88-8BBD-58B015EA5B86}.Release|Any CPU.Build.0 = Release|Any CPU
	EndGlobalSection
	GlobalSection(SolutionProperties) = preSolution
		HideSolutionNode = FALSE
	EndGlobalSection
	GlobalSection(ExtensibilityGlobals) = postSolution
		SolutionGuid = {1E3945CA-9027-45BD-81EB-C5351A4C11F4}
	EndGlobalSection
EndGlobal
